
Microsoft Visual Studio Solution File, Format Version 12.00
# Visual Studio Version 17
VisualStudioVersion = 17.4.33403.182
MinimumVisualStudioVersion = 10.0.40219.1
Project("{FAE04EC0-301F-11D3-BF4B-00C04F79EFBC}") = "StudentWebApp", "StudentWebApp\StudentWebApp.csproj", "{F12B3415-245D-4EA4-B325-40AB0D4CBDBD}"
EndProject
Global
	GlobalSection(SolutionConfigurationPlatforms) = preSolution
		Debug|Any CPU = Debug|Any CPU
		Release|Any CPU = Release|Any CPU
	EndGlobalSection
	GlobalSection(ProjectConfigurationPlatforms) = postSolution
		{F12B3415-245D-4EA4-B325-40AB0D4CBDBD}.Debug|Any CPU.ActiveCfg = Debug|Any CPU
		{F12B3415-245D-4EA4-B325-40AB0D4CBDBD}.Debug|Any CPU.Build.0 = Debug|Any CPU
		{F12B3415-245D-4EA4-B325-40AB0D4CBDBD}.Release|Any CPU.ActiveCfg = Release|Any CPU
		{F12B3415-245D-4EA4-B325-40AB0D4CBDBD}.Release|Any CPU.Build.0 = Release|Any CPU
	EndGlobalSection
	GlobalSection(SolutionProperties) = preSolution
		HideSolutionNode = FALSE
	EndGlobalSection
	GlobalSection(ExtensibilityGlobals) = postSolution
		SolutionGuid = {5CD8CD0B-72B1-47BB-A3C7-AA19D2D31509}
	EndGlobalSection
EndGlobal
